
Microsoft Visual Studio Solution File, Format Version 12.00
# Visual Studio Version 17
VisualStudioVersion = 17.4.33213.308
MinimumVisualStudioVersion = 10.0.40219.1
Project("{FAE04EC0-301F-11D3-BF4B-00C04F79EFBC}") = "Collatz", "Collatz.csproj", "{EA734153-5460-4559-9636-62F611162E2B}"
EndProject
Global
	GlobalSection(SolutionConfigurationPlatforms) = preSolution
		Debug|Any CPU = Debug|Any CPU
		Release|Any CPU = Release|Any CPU
	EndGlobalSection
	GlobalSection(ProjectConfigurationPlatforms) = postSolution
		{EA734153-5460-4559-9636-62F611162E2B}.Debug|Any CPU.ActiveCfg = Debug|Any CPU
		{EA734153-5460-4559-9636-62F611162E2B}.Debug|Any CPU.Build.0 = Debug|Any CPU
		{EA734153-5460-4559-9636-62F611162E2B}.Release|Any CPU.ActiveCfg = Release|Any CPU
		{EA734153-5460-4559-9636-62F611162E2B}.Release|Any CPU.Build.0 = Release|Any CPU
	EndGlobalSection
	GlobalSection(SolutionProperties) = preSolution
		HideSolutionNode = FALSE
	EndGlobalSection
	GlobalSection(ExtensibilityGlobals) = postSolution
		SolutionGuid = {3ACF8A40-DCF7-4202-A330-B4240DE906E7}
	EndGlobalSection
EndGlobal
